
Microsoft Visual Studio Solution File, Format Version 12.00
# Visual Studio Version 17
VisualStudioVersion = 17.11.35312.102
MinimumVisualStudioVersion = 10.0.40219.1
Project("{FAE04EC0-301F-11D3-BF4B-00C04F79EFBC}") = "MyHotelManagement", "MyHotelManagement\MyHotelManagement.csproj", "{2E2EB608-D118-4285-8522-6204E59A428B}"
EndProject
Global
	GlobalSection(SolutionConfigurationPlatforms) = preSolution
		Debug|Any CPU = Debug|Any CPU
		Release|Any CPU = Release|Any CPU
	EndGlobalSection
	GlobalSection(ProjectConfigurationPlatforms) = postSolution
		{2E2EB608-D118-4285-8522-6204E59A428B}.Debug|Any CPU.ActiveCfg = Debug|Any CPU
		{2E2EB608-D118-4285-8522-6204E59A428B}.Debug|Any CPU.Build.0 = Debug|Any CPU
		{2E2EB608-D118-4285-8522-6204E59A428B}.Release|Any CPU.ActiveCfg = Release|Any CPU
		{2E2EB608-D118-4285-8522-6204E59A428B}.Release|Any CPU.Build.0 = Release|Any CPU
	EndGlobalSection
	GlobalSection(SolutionProperties) = preSolution
		HideSolutionNode = FALSE
	EndGlobalSection
	GlobalSection(ExtensibilityGlobals) = postSolution
		SolutionGuid = {2FAD1D35-E40C-4CFE-B85F-5A06FA29CBD2}
	EndGlobalSection
EndGlobal
